// !$*UTF8*$!
{
	archiveVersion = 1;
	classes = {
	};
	objectVersion = 52;
	objects = {

/* Begin PBXBuildFile section */
		0218FFF4533CD47A4FDEDC4E /* UICollorExtensions.swift in Sources */ = {isa = PBXBuildFile; fileRef = 8FB1E35412968B4FC50B59F9 /* UICollorExtensions.swift */; };
		035A090BA2DDAB56CF1C7F67 /* KBFlowManager.swift in Sources */ = {isa = PBXBuildFile; fileRef = CF0689A06323F757BD0B3420 /* KBFlowManager.swift */; };
		0591AAD44DA4099F2606F754 /* KBServiceManagerProtocol.swift in Sources */ = {isa = PBXBuildFile; fileRef = 9F6A106120217F7142F78778 /* KBServiceManagerProtocol.swift */; };
		09709FF83B740942F703651B /* KBHomeHeaderSectionView.swift in Sources */ = {isa = PBXBuildFile; fileRef = 64F8FECC1D2A149BF003AA16 /* KBHomeHeaderSectionView.swift */; };
		0991CCE047814037806E7C9D /* TuistBundle+Kabum.swift in Sources */ = {isa = PBXBuildFile; fileRef = AF13638B816B46910EA8E5C7 /* TuistBundle+Kabum.swift */; };
		235B8B26C8E0D704435E48D9 /* KBDynamicHeightTableView.swift in Sources */ = {isa = PBXBuildFile; fileRef = 0E1637A90B904C9F187CE466 /* KBDynamicHeightTableView.swift */; };
		26653317D74282B80815F56F /* KBCoverViewController.swift in Sources */ = {isa = PBXBuildFile; fileRef = 02AC8CA0222457D73E1F8BFC /* KBCoverViewController.swift */; };
		26704F5F829934BB09C7155E /* KBProductDetailsViewController.swift in Sources */ = {isa = PBXBuildFile; fileRef = 9DD573E5CC4B2A31A7720CBA /* KBProductDetailsViewController.swift */; };
		296BFFB4743FEE7652DD10DE /* KBServiceManager.swift in Sources */ = {isa = PBXBuildFile; fileRef = 257281C94006B35F6FFF5E06 /* KBServiceManager.swift */; };
		2B4F5228000BDA00832CC024 /* StringExtensions.swift in Sources */ = {isa = PBXBuildFile; fileRef = DF2D80A08C4335AC615586C5 /* StringExtensions.swift */; };
		2FE1A91AD4F2AC3AD78D7283 /* KBCategoriesViewController.swift in Sources */ = {isa = PBXBuildFile; fileRef = E8B8CAB0CF8B8E45AFD75CC6 /* KBCategoriesViewController.swift */; };
		303C0FF840651459036E71C0 /* KBNavigationCustomItemView.swift in Sources */ = {isa = PBXBuildFile; fileRef = 33D1D80EF2EFC628D411AB09 /* KBNavigationCustomItemView.swift */; };
		3134B3C8FC11B9651C8AEBC2 /* KBHomeRequest.swift in Sources */ = {isa = PBXBuildFile; fileRef = FEB8A9AD12C9A38C49DF2A9F /* KBHomeRequest.swift */; };
		37C4A334DD7021A7FA48D9E6 /* KBTabBarController.swift in Sources */ = {isa = PBXBuildFile; fileRef = 069673243AFB7BD1F90E906D /* KBTabBarController.swift */; };
		44A534309CB05A120E3BDC7E /* KBNavigationSearchBarView.swift in Sources */ = {isa = PBXBuildFile; fileRef = C99885164C0EB1D37652161F /* KBNavigationSearchBarView.swift */; };
		570B1C9BF01DB04B97B5FFF8 /* KBHomeTableSectionView.swift in Sources */ = {isa = PBXBuildFile; fileRef = C5A89DE06E6436CFB091FAF3 /* KBHomeTableSectionView.swift */; };
		5B9A9363A72C2775AA686B78 /* UIStackViewExtensions.swift in Sources */ = {isa = PBXBuildFile; fileRef = F0F4520454BABBA617229805 /* UIStackViewExtensions.swift */; };
		5C4CC5EFD1336B07BC140362 /* KBBadgeLabel.swift in Sources */ = {isa = PBXBuildFile; fileRef = 458C21B3CA6BCD5A979458D3 /* KBBadgeLabel.swift */; };
		60783BCDFBFA3DD69A9525E3 /* AppDelegate.swift in Sources */ = {isa = PBXBuildFile; fileRef = 2F46F38CF8C2019DF1BD9F0B /* AppDelegate.swift */; };
		6263A0050B723907AEA76B19 /* KBHomeViewProtocol.swift in Sources */ = {isa = PBXBuildFile; fileRef = BF26AF4760E8F5D957B8DC94 /* KBHomeViewProtocol.swift */; };
		63387E0798216E1B496F6693 /* KBCoverView.swift in Sources */ = {isa = PBXBuildFile; fileRef = 31408AB40E2576CB4C2F9B9F /* KBCoverView.swift */; };
		66A516127451F3D4C0CD011B /* KBHomeViewModel.swift in Sources */ = {isa = PBXBuildFile; fileRef = 2677D992ED82F292EB2F4023 /* KBHomeViewModel.swift */; };
		681DC260B63E02B36CD55CE2 /* KBHomeViewState.swift in Sources */ = {isa = PBXBuildFile; fileRef = 9D2B4FC4D8A3CB2AFAF19CC6 /* KBHomeViewState.swift */; };
		7DE176F4DD6B98EF13CC22A1 /* UIViewExtensions.swift in Sources */ = {isa = PBXBuildFile; fileRef = 0B333422F7B1266549866DFC /* UIViewExtensions.swift */; };
		97283C825EEFD845975BEAA4 /* Kingfisher in Frameworks */ = {isa = PBXBuildFile; productRef = FA29FE2CD2A2FA7D52A9718C /* Kingfisher */; };
		97FFDC2A0660693FF2DAE6C5 /* LaunchScreen.storyboard in Resources */ = {isa = PBXBuildFile; fileRef = D8D33F0848ADB1E4CF967267 /* LaunchScreen.storyboard */; };
		A64DD0AC5592A5E5098AD6A2 /* RxSwift in Frameworks */ = {isa = PBXBuildFile; productRef = D3AFE5AD27D2FD9E5482093D /* RxSwift */; };
		A717FD2FEDA4EAB07840DBE3 /* FloatingPanel in Frameworks */ = {isa = PBXBuildFile; productRef = E862CBA586E18D63F5711234 /* FloatingPanel */; };
		A87DE52616C37B726C6F65D7 /* KBHomeViewModelProtocol.swift in Sources */ = {isa = PBXBuildFile; fileRef = 121AEDA065C76E6C282E9B12 /* KBHomeViewModelProtocol.swift */; };
		A9B6CD94E82F74EB7B557F0B /* KBHomeProductTableViewCell.swift in Sources */ = {isa = PBXBuildFile; fileRef = 878CD3E02B9E18B81F57D2A7 /* KBHomeProductTableViewCell.swift */; };
		AE10D3EE7AE5C17FE8FF1B7E /* Assets.xcassets in Resources */ = {isa = PBXBuildFile; fileRef = 522842DC00CC7F90C09C530E /* Assets.xcassets */; };
		AF43E87892D7E3F26E8108DA /* KBHomeViewEntity.swift in Sources */ = {isa = PBXBuildFile; fileRef = E0FD0525B91F886FC0A954F0 /* KBHomeViewEntity.swift */; };
		B7EA07C8E00459C643206E9E /* KBHomeViewController.swift in Sources */ = {isa = PBXBuildFile; fileRef = 87CC91048855CDE70F8C8779 /* KBHomeViewController.swift */; };
		BAA1231FEE868EDE257A8B82 /* DataExtensions.swift in Sources */ = {isa = PBXBuildFile; fileRef = 98415D985E3B45FC96B4A043 /* DataExtensions.swift */; };
		C476F4E4DDD58340045E0121 /* KBFavoritesViewController.swift in Sources */ = {isa = PBXBuildFile; fileRef = 78DCDCED95D1CCA25937820D /* KBFavoritesViewController.swift */; };
		C4D25F2C0550F10B6804CF35 /* KBHomeView.swift in Sources */ = {isa = PBXBuildFile; fileRef = 2DA2BD709A89A9EBD104CC7C /* KBHomeView.swift */; };
		CBC31E4972DB34626079D8F3 /* Alamofire in Frameworks */ = {isa = PBXBuildFile; productRef = 77DAC61316B36B5D29AB9A22 /* Alamofire */; };
		CBC3370302C0C78B202D145B /* KBAccountViewController.swift in Sources */ = {isa = PBXBuildFile; fileRef = 090D4A090EBA00DD10CDF6BA /* KBAccountViewController.swift */; };
		CBF705B3F4DFD324290C7BCE /* KBHomeResponse.swift in Sources */ = {isa = PBXBuildFile; fileRef = F5234357A0F9232112559BBF /* KBHomeResponse.swift */; };
		D7373AB35CE429825E056110 /* TuistAssets+Kabum.swift in Sources */ = {isa = PBXBuildFile; fileRef = 57B5E4669A110B371D4E12A8 /* TuistAssets+Kabum.swift */; };
		E048D3DA421580B136DDC913 /* KBSearchableNavigationController.swift in Sources */ = {isa = PBXBuildFile; fileRef = E995D9EDBF4806BEEA7B9E73 /* KBSearchableNavigationController.swift */; };
		E21598BF05422A22EC219FD2 /* KBBaseNavigationViewController.swift in Sources */ = {isa = PBXBuildFile; fileRef = B4C4ABFD14060CEF4E548FD0 /* KBBaseNavigationViewController.swift */; };
		E998CFE1FA815F5F4D59FC86 /* UIImageExtensions.swift in Sources */ = {isa = PBXBuildFile; fileRef = 775982DF905FE239F06E6C8B /* UIImageExtensions.swift */; };
		EA658EF97795AECE206CF58C /* KBCoverViewModel.swift in Sources */ = {isa = PBXBuildFile; fileRef = A6F26A2F8BBE28517BB291FC /* KBCoverViewModel.swift */; };
		EB7A01C9F694AE01099CEBE5 /* SceneDelegate.swift in Sources */ = {isa = PBXBuildFile; fileRef = D3B1A3E687D227204C0D1B66 /* SceneDelegate.swift */; };
		F8814527E97FE4379FED65EC /* KBCoverViewModelProtocol.swift in Sources */ = {isa = PBXBuildFile; fileRef = 86FCEB69C73780947BF75A52 /* KBCoverViewModelProtocol.swift */; };
		FB97EC880E013A366EF3AE76 /* KBServiceRequestProtocol.swift in Sources */ = {isa = PBXBuildFile; fileRef = 799CB9C097339D81D948C824 /* KBServiceRequestProtocol.swift */; };
/* End PBXBuildFile section */

/* Begin PBXCopyFilesBuildPhase section */
		7B50F999EEAC0D184E61E8C8 /* Embed Frameworks */ = {
			isa = PBXCopyFilesBuildPhase;
			buildActionMask = 2147483647;
			dstPath = "";
			dstSubfolderSpec = 10;
			files = (
			);
			name = "Embed Frameworks";
			runOnlyForDeploymentPostprocessing = 0;
		};
/* End PBXCopyFilesBuildPhase section */

/* Begin PBXFileReference section */
		02AC8CA0222457D73E1F8BFC /* KBCoverViewController.swift */ = {isa = PBXFileReference; lastKnownFileType = sourcecode.swift; path = KBCoverViewController.swift; sourceTree = "<group>"; };
		069673243AFB7BD1F90E906D /* KBTabBarController.swift */ = {isa = PBXFileReference; lastKnownFileType = sourcecode.swift; path = KBTabBarController.swift; sourceTree = "<group>"; };
		090D4A090EBA00DD10CDF6BA /* KBAccountViewController.swift */ = {isa = PBXFileReference; lastKnownFileType = sourcecode.swift; path = KBAccountViewController.swift; sourceTree = "<group>"; };
		0B333422F7B1266549866DFC /* UIViewExtensions.swift */ = {isa = PBXFileReference; lastKnownFileType = sourcecode.swift; path = UIViewExtensions.swift; sourceTree = "<group>"; };
		0E1637A90B904C9F187CE466 /* KBDynamicHeightTableView.swift */ = {isa = PBXFileReference; lastKnownFileType = sourcecode.swift; path = KBDynamicHeightTableView.swift; sourceTree = "<group>"; };
		121AEDA065C76E6C282E9B12 /* KBHomeViewModelProtocol.swift */ = {isa = PBXFileReference; lastKnownFileType = sourcecode.swift; path = KBHomeViewModelProtocol.swift; sourceTree = "<group>"; };
		257281C94006B35F6FFF5E06 /* KBServiceManager.swift */ = {isa = PBXFileReference; lastKnownFileType = sourcecode.swift; path = KBServiceManager.swift; sourceTree = "<group>"; };
		2677D992ED82F292EB2F4023 /* KBHomeViewModel.swift */ = {isa = PBXFileReference; lastKnownFileType = sourcecode.swift; path = KBHomeViewModel.swift; sourceTree = "<group>"; };
		2DA2BD709A89A9EBD104CC7C /* KBHomeView.swift */ = {isa = PBXFileReference; lastKnownFileType = sourcecode.swift; path = KBHomeView.swift; sourceTree = "<group>"; };
		2F46F38CF8C2019DF1BD9F0B /* AppDelegate.swift */ = {isa = PBXFileReference; lastKnownFileType = sourcecode.swift; path = AppDelegate.swift; sourceTree = "<group>"; };
		31408AB40E2576CB4C2F9B9F /* KBCoverView.swift */ = {isa = PBXFileReference; lastKnownFileType = sourcecode.swift; path = KBCoverView.swift; sourceTree = "<group>"; };
		33D1D80EF2EFC628D411AB09 /* KBNavigationCustomItemView.swift */ = {isa = PBXFileReference; lastKnownFileType = sourcecode.swift; path = KBNavigationCustomItemView.swift; sourceTree = "<group>"; };
		458C21B3CA6BCD5A979458D3 /* KBBadgeLabel.swift */ = {isa = PBXFileReference; lastKnownFileType = sourcecode.swift; path = KBBadgeLabel.swift; sourceTree = "<group>"; };
		522842DC00CC7F90C09C530E /* Assets.xcassets */ = {isa = PBXFileReference; lastKnownFileType = folder.assetcatalog; path = Assets.xcassets; sourceTree = "<group>"; };
		57B5E4669A110B371D4E12A8 /* TuistAssets+Kabum.swift */ = {isa = PBXFileReference; lastKnownFileType = sourcecode.swift; path = "TuistAssets+Kabum.swift"; sourceTree = "<group>"; };
		64F8FECC1D2A149BF003AA16 /* KBHomeHeaderSectionView.swift */ = {isa = PBXFileReference; lastKnownFileType = sourcecode.swift; path = KBHomeHeaderSectionView.swift; sourceTree = "<group>"; };
		68ED2752325B94E8A3785EB4 /* Kabum.app */ = {isa = PBXFileReference; explicitFileType = wrapper.application; includeInIndex = 0; path = Kabum.app; sourceTree = BUILT_PRODUCTS_DIR; };
		775982DF905FE239F06E6C8B /* UIImageExtensions.swift */ = {isa = PBXFileReference; lastKnownFileType = sourcecode.swift; path = UIImageExtensions.swift; sourceTree = "<group>"; };
		78DCDCED95D1CCA25937820D /* KBFavoritesViewController.swift */ = {isa = PBXFileReference; lastKnownFileType = sourcecode.swift; path = KBFavoritesViewController.swift; sourceTree = "<group>"; };
		799CB9C097339D81D948C824 /* KBServiceRequestProtocol.swift */ = {isa = PBXFileReference; lastKnownFileType = sourcecode.swift; path = KBServiceRequestProtocol.swift; sourceTree = "<group>"; };
		86FCEB69C73780947BF75A52 /* KBCoverViewModelProtocol.swift */ = {isa = PBXFileReference; lastKnownFileType = sourcecode.swift; path = KBCoverViewModelProtocol.swift; sourceTree = "<group>"; };
		878CD3E02B9E18B81F57D2A7 /* KBHomeProductTableViewCell.swift */ = {isa = PBXFileReference; lastKnownFileType = sourcecode.swift; path = KBHomeProductTableViewCell.swift; sourceTree = "<group>"; };
		87CC91048855CDE70F8C8779 /* KBHomeViewController.swift */ = {isa = PBXFileReference; lastKnownFileType = sourcecode.swift; path = KBHomeViewController.swift; sourceTree = "<group>"; };
		8FB1E35412968B4FC50B59F9 /* UICollorExtensions.swift */ = {isa = PBXFileReference; lastKnownFileType = sourcecode.swift; path = UICollorExtensions.swift; sourceTree = "<group>"; };
		9437028DA8292E02EF1C9E77 /* Info.plist */ = {isa = PBXFileReference; lastKnownFileType = text.plist; path = Info.plist; sourceTree = "<group>"; };
		98415D985E3B45FC96B4A043 /* DataExtensions.swift */ = {isa = PBXFileReference; lastKnownFileType = sourcecode.swift; path = DataExtensions.swift; sourceTree = "<group>"; };
		9D2B4FC4D8A3CB2AFAF19CC6 /* KBHomeViewState.swift */ = {isa = PBXFileReference; lastKnownFileType = sourcecode.swift; path = KBHomeViewState.swift; sourceTree = "<group>"; };
		9DD573E5CC4B2A31A7720CBA /* KBProductDetailsViewController.swift */ = {isa = PBXFileReference; lastKnownFileType = sourcecode.swift; path = KBProductDetailsViewController.swift; sourceTree = "<group>"; };
		9F6A106120217F7142F78778 /* KBServiceManagerProtocol.swift */ = {isa = PBXFileReference; lastKnownFileType = sourcecode.swift; path = KBServiceManagerProtocol.swift; sourceTree = "<group>"; };
		A5DC80612CD3FD5701D1ABFD /* KabumTargetDebug.xcconfig */ = {isa = PBXFileReference; lastKnownFileType = text.xcconfig; path = KabumTargetDebug.xcconfig; sourceTree = "<group>"; };
		A6F26A2F8BBE28517BB291FC /* KBCoverViewModel.swift */ = {isa = PBXFileReference; lastKnownFileType = sourcecode.swift; path = KBCoverViewModel.swift; sourceTree = "<group>"; };
		AE80D703B3D4F821053734E5 /* KabumProjectRelease.xcconfig */ = {isa = PBXFileReference; lastKnownFileType = text.xcconfig; path = KabumProjectRelease.xcconfig; sourceTree = "<group>"; };
		AF13638B816B46910EA8E5C7 /* TuistBundle+Kabum.swift */ = {isa = PBXFileReference; lastKnownFileType = sourcecode.swift; path = "TuistBundle+Kabum.swift"; sourceTree = "<group>"; };
		B4C4ABFD14060CEF4E548FD0 /* KBBaseNavigationViewController.swift */ = {isa = PBXFileReference; lastKnownFileType = sourcecode.swift; path = KBBaseNavigationViewController.swift; sourceTree = "<group>"; };
		BF26AF4760E8F5D957B8DC94 /* KBHomeViewProtocol.swift */ = {isa = PBXFileReference; lastKnownFileType = sourcecode.swift; path = KBHomeViewProtocol.swift; sourceTree = "<group>"; };
		C5A89DE06E6436CFB091FAF3 /* KBHomeTableSectionView.swift */ = {isa = PBXFileReference; lastKnownFileType = sourcecode.swift; path = KBHomeTableSectionView.swift; sourceTree = "<group>"; };
		C99885164C0EB1D37652161F /* KBNavigationSearchBarView.swift */ = {isa = PBXFileReference; lastKnownFileType = sourcecode.swift; path = KBNavigationSearchBarView.swift; sourceTree = "<group>"; };
		CF0689A06323F757BD0B3420 /* KBFlowManager.swift */ = {isa = PBXFileReference; lastKnownFileType = sourcecode.swift; path = KBFlowManager.swift; sourceTree = "<group>"; };
		CFB4D2F753EA18D1290D690D /* KabumProjectDebug.xcconfig */ = {isa = PBXFileReference; lastKnownFileType = text.xcconfig; path = KabumProjectDebug.xcconfig; sourceTree = "<group>"; };
		D3B1A3E687D227204C0D1B66 /* SceneDelegate.swift */ = {isa = PBXFileReference; lastKnownFileType = sourcecode.swift; path = SceneDelegate.swift; sourceTree = "<group>"; };
		D503D1B5342FD84ABAB81E1B /* KabumTargetRelease.xcconfig */ = {isa = PBXFileReference; lastKnownFileType = text.xcconfig; path = KabumTargetRelease.xcconfig; sourceTree = "<group>"; };
		DF2D80A08C4335AC615586C5 /* StringExtensions.swift */ = {isa = PBXFileReference; lastKnownFileType = sourcecode.swift; path = StringExtensions.swift; sourceTree = "<group>"; };
		E0FD0525B91F886FC0A954F0 /* KBHomeViewEntity.swift */ = {isa = PBXFileReference; lastKnownFileType = sourcecode.swift; path = KBHomeViewEntity.swift; sourceTree = "<group>"; };
		E58C3B3A15DE39E33C6ACBDF /* Base */ = {isa = PBXFileReference; lastKnownFileType = file.storyboard; name = Base; path = Base.lproj/LaunchScreen.storyboard; sourceTree = "<group>"; };
		E8B8CAB0CF8B8E45AFD75CC6 /* KBCategoriesViewController.swift */ = {isa = PBXFileReference; lastKnownFileType = sourcecode.swift; path = KBCategoriesViewController.swift; sourceTree = "<group>"; };
		E995D9EDBF4806BEEA7B9E73 /* KBSearchableNavigationController.swift */ = {isa = PBXFileReference; lastKnownFileType = sourcecode.swift; path = KBSearchableNavigationController.swift; sourceTree = "<group>"; };
		F0F4520454BABBA617229805 /* UIStackViewExtensions.swift */ = {isa = PBXFileReference; lastKnownFileType = sourcecode.swift; path = UIStackViewExtensions.swift; sourceTree = "<group>"; };
		F5234357A0F9232112559BBF /* KBHomeResponse.swift */ = {isa = PBXFileReference; lastKnownFileType = sourcecode.swift; path = KBHomeResponse.swift; sourceTree = "<group>"; };
		FEB8A9AD12C9A38C49DF2A9F /* KBHomeRequest.swift */ = {isa = PBXFileReference; lastKnownFileType = sourcecode.swift; path = KBHomeRequest.swift; sourceTree = "<group>"; };
/* End PBXFileReference section */

/* Begin PBXFrameworksBuildPhase section */
		BD698EDE3370E1E86CCF752B /* Frameworks */ = {
			isa = PBXFrameworksBuildPhase;
			buildActionMask = 2147483647;
			files = (
				CBC31E4972DB34626079D8F3 /* Alamofire in Frameworks */,
				97283C825EEFD845975BEAA4 /* Kingfisher in Frameworks */,
				A64DD0AC5592A5E5098AD6A2 /* RxSwift in Frameworks */,
				A717FD2FEDA4EAB07840DBE3 /* FloatingPanel in Frameworks */,
			);
			runOnlyForDeploymentPostprocessing = 0;
		};
/* End PBXFrameworksBuildPhase section */

/* Begin PBXGroup section */
		035D675FE2C3AD2ED14B58C1 /* Account */ = {
			isa = PBXGroup;
			children = (
				090D4A090EBA00DD10CDF6BA /* KBAccountViewController.swift */,
			);
			path = Account;
			sourceTree = "<group>";
		};
		04400919659D0C871CDCEBED /* TabBar */ = {
			isa = PBXGroup;
			children = (
				069673243AFB7BD1F90E906D /* KBTabBarController.swift */,
			);
			path = TabBar;
			sourceTree = "<group>";
		};
		0ABB1927456AE789E5FED967 /* Resources */ = {
			isa = PBXGroup;
			children = (
				D8D33F0848ADB1E4CF967267 /* LaunchScreen.storyboard */,
				522842DC00CC7F90C09C530E /* Assets.xcassets */,
			);
			path = Resources;
			sourceTree = "<group>";
		};
		14F68E115B3570A1836407DD /* Core */ = {
			isa = PBXGroup;
			children = (
				2F46F38CF8C2019DF1BD9F0B /* AppDelegate.swift */,
				9437028DA8292E02EF1C9E77 /* Info.plist */,
				D3B1A3E687D227204C0D1B66 /* SceneDelegate.swift */,
			);
			path = Core;
			sourceTree = "<group>";
		};
		1DD76FAEDFD0A991B364BF2F /* Services */ = {
			isa = PBXGroup;
			children = (
				3F48F82AC065BDDF85F6501F /* Manager */,
				9019AB3579D99DA82EC0F272 /* Requests */,
				EA5B753B16ADD74B39FD0944 /* Response */,
			);
			path = Services;
			sourceTree = "<group>";
		};
		207F1F03E64F88C48B50A631 /* Products */ = {
			isa = PBXGroup;
			children = (
				68ED2752325B94E8A3785EB4 /* Kabum.app */,
			);
			name = Products;
			sourceTree = "<group>";
		};
		22A968C1F2D3FDF6136DD0CF /* Cover */ = {
			isa = PBXGroup;
			children = (
				D007628A5B15B269D02410CA /* Protocols */,
				31408AB40E2576CB4C2F9B9F /* KBCoverView.swift */,
				02AC8CA0222457D73E1F8BFC /* KBCoverViewController.swift */,
				A6F26A2F8BBE28517BB291FC /* KBCoverViewModel.swift */,
			);
			path = Cover;
			sourceTree = "<group>";
		};
		34257136AE5A1587730C7F9E /* UIContent */ = {
			isa = PBXGroup;
			children = (
				D0F042B8F0D3A01280F6237C /* Components */,
				629252215129CA9CE11D9546 /* Scenes */,
			);
			path = UIContent;
			sourceTree = "<group>";
		};
		35E1FF3523575B6058C1B15A /* Sources */ = {
			isa = PBXGroup;
			children = (
				14F68E115B3570A1836407DD /* Core */,
				AA7E55D9999D946954F53556 /* Extensions */,
				A1A18A2FF50803867DB80BC5 /* Flow */,
				1DD76FAEDFD0A991B364BF2F /* Services */,
				34257136AE5A1587730C7F9E /* UIContent */,
			);
			path = Sources;
			sourceTree = "<group>";
		};
		3F48F82AC065BDDF85F6501F /* Manager */ = {
			isa = PBXGroup;
			children = (
				257281C94006B35F6FFF5E06 /* KBServiceManager.swift */,
				9F6A106120217F7142F78778 /* KBServiceManagerProtocol.swift */,
				799CB9C097339D81D948C824 /* KBServiceRequestProtocol.swift */,
			);
			path = Manager;
			sourceTree = "<group>";
		};
		45E3304D65E800973F5280A4 /* Categories */ = {
			isa = PBXGroup;
			children = (
				E8B8CAB0CF8B8E45AFD75CC6 /* KBCategoriesViewController.swift */,
			);
			path = Categories;
			sourceTree = "<group>";
		};
		4B15541AB7F29BE0DA37CB66 /* DynamicTableView */ = {
			isa = PBXGroup;
			children = (
				0E1637A90B904C9F187CE466 /* KBDynamicHeightTableView.swift */,
			);
			path = DynamicTableView;
			sourceTree = "<group>";
		};
		4C98DB3C7508AC205AA2F4D0 /* Derived */ = {
			isa = PBXGroup;
			children = (
				FC207D094B702A02EEB1EEB3 /* Sources */,
			);
			path = Derived;
			sourceTree = "<group>";
		};
		528B8AC75BA49BBB2028543C /* Frameworks */ = {
			isa = PBXGroup;
			children = (
			);
			name = Frameworks;
			sourceTree = "<group>";
		};
		565024EB2AD1C4B1A997207B /* Favorites */ = {
			isa = PBXGroup;
			children = (
				78DCDCED95D1CCA25937820D /* KBFavoritesViewController.swift */,
			);
			path = Favorites;
			sourceTree = "<group>";
		};
		629252215129CA9CE11D9546 /* Scenes */ = {
			isa = PBXGroup;
			children = (
				035D675FE2C3AD2ED14B58C1 /* Account */,
				45E3304D65E800973F5280A4 /* Categories */,
				22A968C1F2D3FDF6136DD0CF /* Cover */,
				565024EB2AD1C4B1A997207B /* Favorites */,
				6B01483A4305A2E205C356DB /* Home */,
				70E29989C6B0C5A02BD6E5B1 /* ProductDetails */,
			);
			path = Scenes;
			sourceTree = "<group>";
		};
		6B01483A4305A2E205C356DB /* Home */ = {
			isa = PBXGroup;
			children = (
				92DA13F6E4BD0983EA77625D /* Entity */,
				AA26A2194AE348FDF1768392 /* Protocols */,
				D7A5D9EFEFC0050DABFA768D /* ViewSections */,
				2DA2BD709A89A9EBD104CC7C /* KBHomeView.swift */,
				87CC91048855CDE70F8C8779 /* KBHomeViewController.swift */,
				2677D992ED82F292EB2F4023 /* KBHomeViewModel.swift */,
			);
			path = Home;
			sourceTree = "<group>";
		};
		70E29989C6B0C5A02BD6E5B1 /* ProductDetails */ = {
			isa = PBXGroup;
			children = (
				9DD573E5CC4B2A31A7720CBA /* KBProductDetailsViewController.swift */,
			);
			path = ProductDetails;
			sourceTree = "<group>";
		};
		8AA47E54FB2B066A29C2F7E1 = {
			isa = PBXGroup;
			children = (
				DE5C29CBD628FEA976BA5E44 /* Project */,
				528B8AC75BA49BBB2028543C /* Frameworks */,
				207F1F03E64F88C48B50A631 /* Products */,
			);
			sourceTree = "<group>";
		};
		9019AB3579D99DA82EC0F272 /* Requests */ = {
			isa = PBXGroup;
			children = (
				FEB8A9AD12C9A38C49DF2A9F /* KBHomeRequest.swift */,
			);
			path = Requests;
			sourceTree = "<group>";
		};
		92DA13F6E4BD0983EA77625D /* Entity */ = {
			isa = PBXGroup;
			children = (
				E0FD0525B91F886FC0A954F0 /* KBHomeViewEntity.swift */,
			);
			path = Entity;
			sourceTree = "<group>";
		};
		A0582EDCB10480041EE56727 /* Kabum */ = {
			isa = PBXGroup;
			children = (
				0ABB1927456AE789E5FED967 /* Resources */,
				35E1FF3523575B6058C1B15A /* Sources */,
			);
			path = Kabum;
			sourceTree = "<group>";
		};
		A1A18A2FF50803867DB80BC5 /* Flow */ = {
			isa = PBXGroup;
			children = (
				CF0689A06323F757BD0B3420 /* KBFlowManager.swift */,
			);
			path = Flow;
			sourceTree = "<group>";
		};
		A31F4A0EF2AE2C2B8397059D /* config */ = {
			isa = PBXGroup;
			children = (
				CFB4D2F753EA18D1290D690D /* KabumProjectDebug.xcconfig */,
				AE80D703B3D4F821053734E5 /* KabumProjectRelease.xcconfig */,
				A5DC80612CD3FD5701D1ABFD /* KabumTargetDebug.xcconfig */,
				D503D1B5342FD84ABAB81E1B /* KabumTargetRelease.xcconfig */,
			);
			path = config;
			sourceTree = "<group>";
		};
		AA26A2194AE348FDF1768392 /* Protocols */ = {
			isa = PBXGroup;
			children = (
				121AEDA065C76E6C282E9B12 /* KBHomeViewModelProtocol.swift */,
				BF26AF4760E8F5D957B8DC94 /* KBHomeViewProtocol.swift */,
				9D2B4FC4D8A3CB2AFAF19CC6 /* KBHomeViewState.swift */,
			);
			path = Protocols;
			sourceTree = "<group>";
		};
		AA7E55D9999D946954F53556 /* Extensions */ = {
			isa = PBXGroup;
			children = (
				98415D985E3B45FC96B4A043 /* DataExtensions.swift */,
				DF2D80A08C4335AC615586C5 /* StringExtensions.swift */,
				8FB1E35412968B4FC50B59F9 /* UICollorExtensions.swift */,
				775982DF905FE239F06E6C8B /* UIImageExtensions.swift */,
				F0F4520454BABBA617229805 /* UIStackViewExtensions.swift */,
				0B333422F7B1266549866DFC /* UIViewExtensions.swift */,
			);
			path = Extensions;
			sourceTree = "<group>";
		};
		B5BFE85DFAC519BF83AB050F /* Badge */ = {
			isa = PBXGroup;
			children = (
				458C21B3CA6BCD5A979458D3 /* KBBadgeLabel.swift */,
			);
			path = Badge;
			sourceTree = "<group>";
		};
		D007628A5B15B269D02410CA /* Protocols */ = {
			isa = PBXGroup;
			children = (
				86FCEB69C73780947BF75A52 /* KBCoverViewModelProtocol.swift */,
			);
			path = Protocols;
			sourceTree = "<group>";
		};
		D0F042B8F0D3A01280F6237C /* Components */ = {
			isa = PBXGroup;
			children = (
				B5BFE85DFAC519BF83AB050F /* Badge */,
				4B15541AB7F29BE0DA37CB66 /* DynamicTableView */,
				DD541A13BDE6E68C1BD4761E /* SearchableNavigationBar */,
				04400919659D0C871CDCEBED /* TabBar */,
			);
			path = Components;
			sourceTree = "<group>";
		};
		D7A5D9EFEFC0050DABFA768D /* ViewSections */ = {
			isa = PBXGroup;
			children = (
				64F8FECC1D2A149BF003AA16 /* KBHomeHeaderSectionView.swift */,
				878CD3E02B9E18B81F57D2A7 /* KBHomeProductTableViewCell.swift */,
				C5A89DE06E6436CFB091FAF3 /* KBHomeTableSectionView.swift */,
			);
			path = ViewSections;
			sourceTree = "<group>";
		};
		DD541A13BDE6E68C1BD4761E /* SearchableNavigationBar */ = {
			isa = PBXGroup;
			children = (
				B4C4ABFD14060CEF4E548FD0 /* KBBaseNavigationViewController.swift */,
				33D1D80EF2EFC628D411AB09 /* KBNavigationCustomItemView.swift */,
				C99885164C0EB1D37652161F /* KBNavigationSearchBarView.swift */,
				E995D9EDBF4806BEEA7B9E73 /* KBSearchableNavigationController.swift */,
			);
			path = SearchableNavigationBar;
			sourceTree = "<group>";
		};
		DE5C29CBD628FEA976BA5E44 /* Project */ = {
			isa = PBXGroup;
			children = (
				A31F4A0EF2AE2C2B8397059D /* config */,
				4C98DB3C7508AC205AA2F4D0 /* Derived */,
				A0582EDCB10480041EE56727 /* Kabum */,
			);
			name = Project;
			sourceTree = "<group>";
		};
		EA5B753B16ADD74B39FD0944 /* Response */ = {
			isa = PBXGroup;
			children = (
				F5234357A0F9232112559BBF /* KBHomeResponse.swift */,
			);
			path = Response;
			sourceTree = "<group>";
		};
		FC207D094B702A02EEB1EEB3 /* Sources */ = {
			isa = PBXGroup;
			children = (
				57B5E4669A110B371D4E12A8 /* TuistAssets+Kabum.swift */,
				AF13638B816B46910EA8E5C7 /* TuistBundle+Kabum.swift */,
			);
			path = Sources;
			sourceTree = "<group>";
		};
/* End PBXGroup section */

/* Begin PBXNativeTarget section */
		5EED1D9FCE6A81306BC580A5 /* Kabum */ = {
			isa = PBXNativeTarget;
			buildConfigurationList = C0E951A880517DCC43732FEB /* Build configuration list for PBXNativeTarget "Kabum" */;
			buildPhases = (
				EA35D4F762EEF24C83457429 /* Sources */,
				5C2D8CF205A415C801059F70 /* Resources */,
				7B50F999EEAC0D184E61E8C8 /* Embed Frameworks */,
				BD698EDE3370E1E86CCF752B /* Frameworks */,
			);
			buildRules = (
			);
			dependencies = (
			);
			name = Kabum;
			packageProductDependencies = (
				77DAC61316B36B5D29AB9A22 /* Alamofire */,
				FA29FE2CD2A2FA7D52A9718C /* Kingfisher */,
				D3AFE5AD27D2FD9E5482093D /* RxSwift */,
				E862CBA586E18D63F5711234 /* FloatingPanel */,
			);
			productName = Kabum;
			productReference = 68ED2752325B94E8A3785EB4 /* Kabum.app */;
			productType = "com.apple.product-type.application";
		};
/* End PBXNativeTarget section */

/* Begin PBXProject section */
		083C28D0EDEF4E5831AF7750 /* Project object */ = {
			isa = PBXProject;
			attributes = {
				ORGANIZATIONNAME = joaoribeiro.co.team;
				TargetAttributes = {
				};
			};
			buildConfigurationList = A7CE20616371991B4B1E98E6 /* Build configuration list for PBXProject "Kabum" */;
			compatibilityVersion = "Xcode 13.0";
			developmentRegion = en;
			hasScannedForEncodings = 0;
			knownRegions = (
				Base,
				en,
			);
			mainGroup = 8AA47E54FB2B066A29C2F7E1;
			packageReferences = (
				9DD7FC7A84B410F403D369F9 /* XCRemoteSwiftPackageReference "Alamofire" */,
				9DE45B6AF71428AE95D718F0 /* XCRemoteSwiftPackageReference "RxSwift" */,
				49514C25332CBFB2E30067AE /* XCRemoteSwiftPackageReference "Kingfisher" */,
				3C0DDC8A226D80E0B580C76D /* XCRemoteSwiftPackageReference "FloatingPanel" */,
			);
			productRefGroup = 207F1F03E64F88C48B50A631 /* Products */;
			projectDirPath = "";
			projectRoot = "";
			targets = (
				5EED1D9FCE6A81306BC580A5 /* Kabum */,
			);
		};
/* End PBXProject section */

/* Begin PBXResourcesBuildPhase section */
		5C2D8CF205A415C801059F70 /* Resources */ = {
			isa = PBXResourcesBuildPhase;
			buildActionMask = 2147483647;
			files = (
				AE10D3EE7AE5C17FE8FF1B7E /* Assets.xcassets in Resources */,
				97FFDC2A0660693FF2DAE6C5 /* LaunchScreen.storyboard in Resources */,
			);
			runOnlyForDeploymentPostprocessing = 0;
		};
/* End PBXResourcesBuildPhase section */

/* Begin PBXSourcesBuildPhase section */
		EA35D4F762EEF24C83457429 /* Sources */ = {
			isa = PBXSourcesBuildPhase;
			buildActionMask = 2147483647;
			files = (
				D7373AB35CE429825E056110 /* TuistAssets+Kabum.swift in Sources */,
				0991CCE047814037806E7C9D /* TuistBundle+Kabum.swift in Sources */,
				60783BCDFBFA3DD69A9525E3 /* AppDelegate.swift in Sources */,
				EB7A01C9F694AE01099CEBE5 /* SceneDelegate.swift in Sources */,
				BAA1231FEE868EDE257A8B82 /* DataExtensions.swift in Sources */,
				2B4F5228000BDA00832CC024 /* StringExtensions.swift in Sources */,
				0218FFF4533CD47A4FDEDC4E /* UICollorExtensions.swift in Sources */,
				E998CFE1FA815F5F4D59FC86 /* UIImageExtensions.swift in Sources */,
				5B9A9363A72C2775AA686B78 /* UIStackViewExtensions.swift in Sources */,
				7DE176F4DD6B98EF13CC22A1 /* UIViewExtensions.swift in Sources */,
				035A090BA2DDAB56CF1C7F67 /* KBFlowManager.swift in Sources */,
				296BFFB4743FEE7652DD10DE /* KBServiceManager.swift in Sources */,
				0591AAD44DA4099F2606F754 /* KBServiceManagerProtocol.swift in Sources */,
				FB97EC880E013A366EF3AE76 /* KBServiceRequestProtocol.swift in Sources */,
				3134B3C8FC11B9651C8AEBC2 /* KBHomeRequest.swift in Sources */,
				CBF705B3F4DFD324290C7BCE /* KBHomeResponse.swift in Sources */,
				5C4CC5EFD1336B07BC140362 /* KBBadgeLabel.swift in Sources */,
				235B8B26C8E0D704435E48D9 /* KBDynamicHeightTableView.swift in Sources */,
				E21598BF05422A22EC219FD2 /* KBBaseNavigationViewController.swift in Sources */,
				303C0FF840651459036E71C0 /* KBNavigationCustomItemView.swift in Sources */,
				44A534309CB05A120E3BDC7E /* KBNavigationSearchBarView.swift in Sources */,
				E048D3DA421580B136DDC913 /* KBSearchableNavigationController.swift in Sources */,
				37C4A334DD7021A7FA48D9E6 /* KBTabBarController.swift in Sources */,
				CBC3370302C0C78B202D145B /* KBAccountViewController.swift in Sources */,
				2FE1A91AD4F2AC3AD78D7283 /* KBCategoriesViewController.swift in Sources */,
				63387E0798216E1B496F6693 /* KBCoverView.swift in Sources */,
				26653317D74282B80815F56F /* KBCoverViewController.swift in Sources */,
				EA658EF97795AECE206CF58C /* KBCoverViewModel.swift in Sources */,
				F8814527E97FE4379FED65EC /* KBCoverViewModelProtocol.swift in Sources */,
				C476F4E4DDD58340045E0121 /* KBFavoritesViewController.swift in Sources */,
				AF43E87892D7E3F26E8108DA /* KBHomeViewEntity.swift in Sources */,
				C4D25F2C0550F10B6804CF35 /* KBHomeView.swift in Sources */,
				B7EA07C8E00459C643206E9E /* KBHomeViewController.swift in Sources */,
				66A516127451F3D4C0CD011B /* KBHomeViewModel.swift in Sources */,
				A87DE52616C37B726C6F65D7 /* KBHomeViewModelProtocol.swift in Sources */,
				6263A0050B723907AEA76B19 /* KBHomeViewProtocol.swift in Sources */,
				681DC260B63E02B36CD55CE2 /* KBHomeViewState.swift in Sources */,
				09709FF83B740942F703651B /* KBHomeHeaderSectionView.swift in Sources */,
				A9B6CD94E82F74EB7B557F0B /* KBHomeProductTableViewCell.swift in Sources */,
				570B1C9BF01DB04B97B5FFF8 /* KBHomeTableSectionView.swift in Sources */,
				26704F5F829934BB09C7155E /* KBProductDetailsViewController.swift in Sources */,
			);
			runOnlyForDeploymentPostprocessing = 0;
		};
/* End PBXSourcesBuildPhase section */

/* Begin PBXVariantGroup section */
		D8D33F0848ADB1E4CF967267 /* LaunchScreen.storyboard */ = {
			isa = PBXVariantGroup;
			children = (
				E58C3B3A15DE39E33C6ACBDF /* Base */,
			);
			name = LaunchScreen.storyboard;
			sourceTree = "<group>";
		};
/* End PBXVariantGroup section */

/* Begin XCBuildConfiguration section */
		5A70778C55C46E5D0928C4F9 /* Release */ = {
			isa = XCBuildConfiguration;
			baseConfigurationReference = D503D1B5342FD84ABAB81E1B /* KabumTargetRelease.xcconfig */;
			buildSettings = {
				INFOPLIST_FILE = Kabum/Sources/Core/Info.plist;
				PRODUCT_BUNDLE_IDENTIFIER = 1.0.0;
				PRODUCT_NAME = Kabum;
				SDKROOT = iphoneos;
			};
			name = Release;
		};
		746879B9BA158F5E5DA38A8D /* Release */ = {
			isa = XCBuildConfiguration;
			baseConfigurationReference = AE80D703B3D4F821053734E5 /* KabumProjectRelease.xcconfig */;
			buildSettings = {
			};
			name = Release;
		};
		8C1493568D27BD7B0D05A32C /* Debug */ = {
			isa = XCBuildConfiguration;
			baseConfigurationReference = CFB4D2F753EA18D1290D690D /* KabumProjectDebug.xcconfig */;
			buildSettings = {
			};
			name = Debug;
		};
		D8910D056F2EAEAA1E1F4A67 /* Debug */ = {
			isa = XCBuildConfiguration;
			baseConfigurationReference = A5DC80612CD3FD5701D1ABFD /* KabumTargetDebug.xcconfig */;
			buildSettings = {
				INFOPLIST_FILE = Kabum/Sources/Core/Info.plist;
				PRODUCT_BUNDLE_IDENTIFIER = 1.0.0;
				PRODUCT_NAME = Kabum;
				SDKROOT = iphoneos;
			};
			name = Debug;
		};
/* End XCBuildConfiguration section */

/* Begin XCConfigurationList section */
		A7CE20616371991B4B1E98E6 /* Build configuration list for PBXProject "Kabum" */ = {
			isa = XCConfigurationList;
			buildConfigurations = (
				8C1493568D27BD7B0D05A32C /* Debug */,
				746879B9BA158F5E5DA38A8D /* Release */,
			);
			defaultConfigurationIsVisible = 0;
			defaultConfigurationName = Release;
		};
		C0E951A880517DCC43732FEB /* Build configuration list for PBXNativeTarget "Kabum" */ = {
			isa = XCConfigurationList;
			buildConfigurations = (
				D8910D056F2EAEAA1E1F4A67 /* Debug */,
				5A70778C55C46E5D0928C4F9 /* Release */,
			);
			defaultConfigurationIsVisible = 0;
			defaultConfigurationName = Release;
		};
/* End XCConfigurationList section */

/* Begin XCRemoteSwiftPackageReference section */
		3C0DDC8A226D80E0B580C76D /* XCRemoteSwiftPackageReference "FloatingPanel" */ = {
			isa = XCRemoteSwiftPackageReference;
			repositoryURL = "https://github.com/scenee/FloatingPanel.git";
			requirement = {
				kind = upToNextMajorVersion;
				minimumVersion = 2.6.3;
			};
		};
		49514C25332CBFB2E30067AE /* XCRemoteSwiftPackageReference "Kingfisher" */ = {
			isa = XCRemoteSwiftPackageReference;
			repositoryURL = "https://github.com/onevcat/Kingfisher.git";
			requirement = {
				kind = upToNextMajorVersion;
				minimumVersion = 5.6.4;
			};
		};
		9DD7FC7A84B410F403D369F9 /* XCRemoteSwiftPackageReference "Alamofire" */ = {
			isa = XCRemoteSwiftPackageReference;
			repositoryURL = "https://github.com/Alamofire/Alamofire.git";
			requirement = {
				kind = upToNextMajorVersion;
				minimumVersion = 5.6.4;
			};
		};
		9DE45B6AF71428AE95D718F0 /* XCRemoteSwiftPackageReference "RxSwift" */ = {
			isa = XCRemoteSwiftPackageReference;
			repositoryURL = "https://github.com/ReactiveX/RxSwift.git";
			requirement = {
				kind = exactVersion;
				version = 6.6.0;
			};
		};
/* End XCRemoteSwiftPackageReference section */

/* Begin XCSwiftPackageProductDependency section */
		77DAC61316B36B5D29AB9A22 /* Alamofire */ = {
			isa = XCSwiftPackageProductDependency;
			productName = Alamofire;
		};
		D3AFE5AD27D2FD9E5482093D /* RxSwift */ = {
			isa = XCSwiftPackageProductDependency;
			productName = RxSwift;
		};
		E862CBA586E18D63F5711234 /* FloatingPanel */ = {
			isa = XCSwiftPackageProductDependency;
			productName = FloatingPanel;
		};
		FA29FE2CD2A2FA7D52A9718C /* Kingfisher */ = {
			isa = XCSwiftPackageProductDependency;
			productName = Kingfisher;
		};
/* End XCSwiftPackageProductDependency section */
	};
	rootObject = 083C28D0EDEF4E5831AF7750 /* Project object */;
}
